
Microsoft Visual Studio Solution File, Format Version 12.00
# Visual Studio Version 16
VisualStudioVersion = 16.0.31402.337
MinimumVisualStudioVersion = 10.0.40219.1
Project("{FAE04EC0-301F-11D3-BF4B-00C04F79EFBC}") = "кр", "кр\кр.csproj", "{5CBF6A55-ADAA-4E64-83CD-DF81337559D7}"
EndProject
Global
	GlobalSection(SolutionConfigurationPlatforms) = preSolution
		Debug|Any CPU = Debug|Any CPU
		Release|Any CPU = Release|Any CPU
	EndGlobalSection
	GlobalSection(ProjectConfigurationPlatforms) = postSolution
		{5CBF6A55-ADAA-4E64-83CD-DF81337559D7}.Debug|Any CPU.ActiveCfg = Debug|Any CPU
		{5CBF6A55-ADAA-4E64-83CD-DF81337559D7}.Debug|Any CPU.Build.0 = Debug|Any CPU
		{5CBF6A55-ADAA-4E64-83CD-DF81337559D7}.Release|Any CPU.ActiveCfg = Release|Any CPU
		{5CBF6A55-ADAA-4E64-83CD-DF81337559D7}.Release|Any CPU.Build.0 = Release|Any CPU
	EndGlobalSection
	GlobalSection(SolutionProperties) = preSolution
		HideSolutionNode = FALSE
	EndGlobalSection
	GlobalSection(ExtensibilityGlobals) = postSolution
		SolutionGuid = {8B3A7177-D051-4DFD-88BA-DBE29BEC197D}
	EndGlobalSection
EndGlobal
